
Microsoft Visual Studio Solution File, Format Version 12.00
# Visual Studio Version 17
VisualStudioVersion = 17.10.35201.131
MinimumVisualStudioVersion = 10.0.40219.1
Project("{FAE04EC0-301F-11D3-BF4B-00C04F79EFBC}") = "TaskList_Refactoring", "TaskList_Refactoring.csproj", "{FE967287-DC44-4606-9B9D-16128F48F522}"
EndProject
Global
	GlobalSection(SolutionConfigurationPlatforms) = preSolution
		Debug|Any CPU = Debug|Any CPU
		Release|Any CPU = Release|Any CPU
	EndGlobalSection
	GlobalSection(ProjectConfigurationPlatforms) = postSolution
		{FE967287-DC44-4606-9B9D-16128F48F522}.Debug|Any CPU.ActiveCfg = Debug|Any CPU
		{FE967287-DC44-4606-9B9D-16128F48F522}.Debug|Any CPU.Build.0 = Debug|Any CPU
		{FE967287-DC44-4606-9B9D-16128F48F522}.Release|Any CPU.ActiveCfg = Release|Any CPU
		{FE967287-DC44-4606-9B9D-16128F48F522}.Release|Any CPU.Build.0 = Release|Any CPU
	EndGlobalSection
	GlobalSection(SolutionProperties) = preSolution
		HideSolutionNode = FALSE
	EndGlobalSection
	GlobalSection(ExtensibilityGlobals) = postSolution
		SolutionGuid = {A31E5A95-D5B4-432F-AE54-6D14170CC930}
	EndGlobalSection
EndGlobal
